<?xml version="1.0" encoding="utf-8"?>
<Project ToolsVersion="4.0" xmlns="http://schemas.microsoft.com/developer/msbuild/2003">
  <ItemGroup>
    <Filter Include="Source Files">
      <UniqueIdentifier>{4FC737F1-C7A5-4376-A066-2A32D752A2FF}</UniqueIdentifier>
      <Extensions>cpp;c;cc;cxx;def;odl;idl;hpj;bat;asm;asmx</Extensions>
    </Filter>
    <Filter Include="Header Files">
      <UniqueIdentifier>{93995380-89BD-4b04-88EB-625FBE52EBFB}</UniqueIdentifier>
      <Extensions>h;hh;hpp;hxx;hm;inl;inc;xsd</Extensions>
    </Filter>
    <Filter Include="Resource Files">
      <UniqueIdentifier>{67DA6AB6-F800-4c08-8B7A-83BB121AAD01}</UniqueIdentifier>
      <Extensions>rc;ico;cur;bmp;dlg;rc2;rct;bin;rgs;gif;jpg;jpeg;jpe;resx;tiff;tif;png;wav;mfcribbon-ms</Extensions>
    </Filter>
    <Filter Include="Resource Files\v4">
      <UniqueIdentifier>{a51a3b3b-73a1-45f9-bdb8-a022341bcf48}</UniqueIdentifier>
    </Filter>
    <Filter Include="Resource Files\v5">
      <UniqueIdentifier>{57632dd3-dad5-4612-9992-0faeea3ba83a}</UniqueIdentifier>
    </Filter>
    <Filter Include="Resource Files\v4_number">
      <UniqueIdentifier>{3ca2b561-d165-4376-acd6-a9afd749fb35}</UniqueIdentifier>
    </Filter>
    <Filter Include="Resource Files\v5_number">
      <UniqueIdentifier>{3b5d4373-b9ce-4602-8785-8fdf4f1da0fc}</UniqueIdentifier>
    </Filter>
    <Filter Include="Resource Files\v6_number">
      <UniqueIdentifier>{955aa695-aeeb-4ca4-bdca-d31fe1ff960a}</UniqueIdentifier>
    </Filter>
    <Filter Include="Resource Files\v7_number">
      <UniqueIdentifier>{40c0a8d4-573c-49b3-bc49-f0d220428d66}</UniqueIdentifier>
    </Filter>
  </ItemGroup>
  <ItemGroup>
    <ClCompile Include="BitBuffer.cpp">
      <Filter>Source Files</Filter>
    </ClCompile>
    <ClCompile Include="QrCode.cpp">
      <Filter>Source Files</Filter>
    </ClCompile>
    <ClCompile Include="QrSegment.cpp">
      <Filter>Source Files</Filter>
    </ClCompile>
    <ClCompile Include="QrCodeGeneratorDemo.cpp">
      <Filter>Source Files</Filter>
    </ClCompile>
    <ClCompile Include="ImageProcess.cpp">
      <Filter>Source Files</Filter>
    </ClCompile>
    <ClCompile Include="VisualSecretSharing.cpp">
      <Filter>Source Files</Filter>
    </ClCompile>
  </ItemGroup>
  <ItemGroup>
    <ClInclude Include="BitBuffer.hpp">
      <Filter>Header Files</Filter>
    </ClInclude>
    <ClInclude Include="QrCode.hpp">
      <Filter>Header Files</Filter>
    </ClInclude>
    <ClInclude Include="QrSegment.hpp">
      <Filter>Header Files</Filter>
    </ClInclude>
    <ClInclude Include="ImageProcess.hpp">
      <Filter>Header Files</Filter>
    </ClInclude>
    <ClInclude Include="VisualSecretSharing.hpp">
      <Filter>Header Files</Filter>
    </ClInclude>
  </ItemGroup>
  <ItemGroup>
    <None Include="packages.config" />
  </ItemGroup>
  <ItemGroup>
    <Image Include="input\v4\s.png">
      <Filter>Resource Files\v4</Filter>
    </Image>
    <Image Include="input\v5\vsimg.png">
      <Filter>Resource Files\v5</Filter>
    </Image>
    <Image Include="input\v4_number\eight.png">
      <Filter>Resource Files\v4_number</Filter>
    </Image>
    <Image Include="input\v4_number\five.png">
      <Filter>Resource Files\v4_number</Filter>
    </Image>
    <Image Include="input\v4_number\four.png">
      <Filter>Resource Files\v4_number</Filter>
    </Image>
    <Image Include="input\v4_number\nine.png">
      <Filter>Resource Files\v4_number</Filter>
    </Image>
    <Image Include="input\v4_number\one.png">
      <Filter>Resource Files\v4_number</Filter>
    </Image>
    <Image Include="input\v4_number\seven.png">
      <Filter>Resource Files\v4_number</Filter>
    </Image>
    <Image Include="input\v4_number\six.png">
      <Filter>Resource Files\v4_number</Filter>
    </Image>
    <Image Include="input\v4_number\three.png">
      <Filter>Resource Files\v4_number</Filter>
    </Image>
    <Image Include="input\v4_number\two.png">
      <Filter>Resource Files\v4_number</Filter>
    </Image>
    <Image Include="input\v5_number\eight.png">
      <Filter>Resource Files\v5_number</Filter>
    </Image>
    <Image Include="input\v5_number\five.png">
      <Filter>Resource Files\v5_number</Filter>
    </Image>
    <Image Include="input\v5_number\four.png">
      <Filter>Resource Files\v5_number</Filter>
    </Image>
    <Image Include="input\v5_number\nine.png">
      <Filter>Resource Files\v5_number</Filter>
    </Image>
    <Image Include="input\v5_number\one.png">
      <Filter>Resource Files\v5_number</Filter>
    </Image>
    <Image Include="input\v5_number\seven.png">
      <Filter>Resource Files\v5_number</Filter>
    </Image>
    <Image Include="input\v5_number\six.png">
      <Filter>Resource Files\v5_number</Filter>
    </Image>
    <Image Include="input\v5_number\three.png">
      <Filter>Resource Files\v5_number</Filter>
    </Image>
    <Image Include="input\v5_number\two.png">
      <Filter>Resource Files\v5_number</Filter>
    </Image>
    <Image Include="input\v6_number\eight.png">
      <Filter>Resource Files\v6_number</Filter>
    </Image>
    <Image Include="input\v6_number\five.png">
      <Filter>Resource Files\v6_number</Filter>
    </Image>
    <Image Include="input\v6_number\four.png">
      <Filter>Resource Files\v6_number</Filter>
    </Image>
    <Image Include="input\v6_number\nine.png">
      <Filter>Resource Files\v6_number</Filter>
    </Image>
    <Image Include="input\v6_number\one.png">
      <Filter>Resource Files\v6_number</Filter>
    </Image>
    <Image Include="input\v6_number\seven.png">
      <Filter>Resource Files\v6_number</Filter>
    </Image>
    <Image Include="input\v6_number\six.png">
      <Filter>Resource Files\v6_number</Filter>
    </Image>
    <Image Include="input\v6_number\three.png">
      <Filter>Resource Files\v6_number</Filter>
    </Image>
    <Image Include="input\v6_number\two.png">
      <Filter>Resource Files\v6_number</Filter>
    </Image>
    <Image Include="input\v7_number\eight.png">
      <Filter>Resource Files\v7_number</Filter>
    </Image>
    <Image Include="input\v7_number\five.png">
      <Filter>Resource Files\v7_number</Filter>
    </Image>
    <Image Include="input\v7_number\four.png">
      <Filter>Resource Files\v7_number</Filter>
    </Image>
    <Image Include="input\v7_number\nine.png">
      <Filter>Resource Files\v7_number</Filter>
    </Image>
    <Image Include="input\v7_number\one.png">
      <Filter>Resource Files\v7_number</Filter>
    </Image>
    <Image Include="input\v7_number\seven.png">
      <Filter>Resource Files\v7_number</Filter>
    </Image>
    <Image Include="input\v7_number\six.png">
      <Filter>Resource Files\v7_number</Filter>
    </Image>
    <Image Include="input\v7_number\three.png">
      <Filter>Resource Files\v7_number</Filter>
    </Image>
    <Image Include="input\v7_number\two.png">
      <Filter>Resource Files\v7_number</Filter>
    </Image>
  </ItemGroup>
</Project>