<?xml version="1.0" encoding="utf-8"?>
<Project ToolsVersion="4.0" xmlns="http://schemas.microsoft.com/developer/msbuild/2003">
  <ItemGroup>
    <Filter Include="Source Files">
      <UniqueIdentifier>{4FC737F1-C7A5-4376-A066-2A32D752A2FF}</UniqueIdentifier>
      <Extensions>cpp;c;cc;cxx;def;odl;idl;hpj;bat;asm;asmx</Extensions>
    </Filter>
    <Filter Include="Header Files">
      <UniqueIdentifier>{93995380-89BD-4b04-88EB-625FBE52EBFB}</UniqueIdentifier>
      <Extensions>h;hh;hpp;hxx;hm;inl;inc;xsd</Extensions>
    </Filter>
    <Filter Include="Resource Files">
      <UniqueIdentifier>{67DA6AB6-F800-4c08-8B7A-83BB121AAD01}</UniqueIdentifier>
      <Extensions>rc;ico;cur;bmp;dlg;rc2;rct;bin;rgs;gif;jpg;jpeg;jpe;resx;tiff;tif;png;wav;mfcribbon-ms</Extensions>
    </Filter>
    <Filter Include="Resource Files\v4">
      <UniqueIdentifier>{a51a3b3b-73a1-45f9-bdb8-a022341bcf48}</UniqueIdentifier>
    </Filter>
    <Filter Include="Resource Files\v5">
      <UniqueIdentifier>{57632dd3-dad5-4612-9992-0faeea3ba83a}</UniqueIdentifier>
    </Filter>
    <Filter Include="Resource Files\v5_number">
      <UniqueIdentifier>{3b5d4373-b9ce-4602-8785-8fdf4f1da0fc}</UniqueIdentifier>
    </Filter>
    <Filter Include="Resource Files\v6_number">
      <UniqueIdentifier>{955aa695-aeeb-4ca4-bdca-d31fe1ff960a}</UniqueIdentifier>
    </Filter>
    <Filter Include="Resource Files\v7_number">
      <UniqueIdentifier>{40c0a8d4-573c-49b3-bc49-f0d220428d66}</UniqueIdentifier>
    </Filter>
    <Filter Include="Resource Files\v8_number">
      <UniqueIdentifier>{32065671-3ec3-4257-8796-2d7ac6929303}</UniqueIdentifier>
    </Filter>
    <Filter Include="Resource Files\v9_number">
      <UniqueIdentifier>{0d006391-8674-490e-8989-fa2ff28962d6}</UniqueIdentifier>
    </Filter>
    <Filter Include="Resource Files\v10_number">
      <UniqueIdentifier>{d8b4b952-d0f3-402f-94ef-695cc79c9ea5}</UniqueIdentifier>
    </Filter>
    <Filter Include="Resource Files\v6">
      <UniqueIdentifier>{76e82bbf-05e8-403c-8ff6-c24338ef54aa}</UniqueIdentifier>
    </Filter>
  </ItemGroup>
  <ItemGroup>
    <ClCompile Include="BitBuffer.cpp">
      <Filter>Source Files</Filter>
    </ClCompile>
    <ClCompile Include="QrCode.cpp">
      <Filter>Source Files</Filter>
    </ClCompile>
    <ClCompile Include="QrSegment.cpp">
      <Filter>Source Files</Filter>
    </ClCompile>
    <ClCompile Include="QrCodeGeneratorDemo.cpp">
      <Filter>Source Files</Filter>
    </ClCompile>
    <ClCompile Include="ImageProcess.cpp">
      <Filter>Source Files</Filter>
    </ClCompile>
    <ClCompile Include="VisualSecretSharing.cpp">
      <Filter>Source Files</Filter>
    </ClCompile>
  </ItemGroup>
  <ItemGroup>
    <ClInclude Include="BitBuffer.hpp">
      <Filter>Header Files</Filter>
    </ClInclude>
    <ClInclude Include="QrCode.hpp">
      <Filter>Header Files</Filter>
    </ClInclude>
    <ClInclude Include="QrSegment.hpp">
      <Filter>Header Files</Filter>
    </ClInclude>
    <ClInclude Include="ImageProcess.hpp">
      <Filter>Header Files</Filter>
    </ClInclude>
    <ClInclude Include="VisualSecretSharing.hpp">
      <Filter>Header Files</Filter>
    </ClInclude>
  </ItemGroup>
  <ItemGroup>
    <None Include="packages.config" />
  </ItemGroup>
  <ItemGroup>
    <Image Include="input\v6_number\eight.png">
      <Filter>Resource Files\v6_number</Filter>
    </Image>
    <Image Include="input\v6_number\five.png">
      <Filter>Resource Files\v6_number</Filter>
    </Image>
    <Image Include="input\v6_number\four.png">
      <Filter>Resource Files\v6_number</Filter>
    </Image>
    <Image Include="input\v6_number\nine.png">
      <Filter>Resource Files\v6_number</Filter>
    </Image>
    <Image Include="input\v6_number\one.png">
      <Filter>Resource Files\v6_number</Filter>
    </Image>
    <Image Include="input\v6_number\seven.png">
      <Filter>Resource Files\v6_number</Filter>
    </Image>
    <Image Include="input\v6_number\six.png">
      <Filter>Resource Files\v6_number</Filter>
    </Image>
    <Image Include="input\v6_number\three.png">
      <Filter>Resource Files\v6_number</Filter>
    </Image>
    <Image Include="input\v6_number\two.png">
      <Filter>Resource Files\v6_number</Filter>
    </Image>
    <Image Include="input\v7_number\eight.png">
      <Filter>Resource Files\v7_number</Filter>
    </Image>
    <Image Include="input\v7_number\five.png">
      <Filter>Resource Files\v7_number</Filter>
    </Image>
    <Image Include="input\v7_number\four.png">
      <Filter>Resource Files\v7_number</Filter>
    </Image>
    <Image Include="input\v7_number\nine.png">
      <Filter>Resource Files\v7_number</Filter>
    </Image>
    <Image Include="input\v7_number\one.png">
      <Filter>Resource Files\v7_number</Filter>
    </Image>
    <Image Include="input\v7_number\seven.png">
      <Filter>Resource Files\v7_number</Filter>
    </Image>
    <Image Include="input\v7_number\six.png">
      <Filter>Resource Files\v7_number</Filter>
    </Image>
    <Image Include="input\v7_number\three.png">
      <Filter>Resource Files\v7_number</Filter>
    </Image>
    <Image Include="input\v7_number\two.png">
      <Filter>Resource Files\v7_number</Filter>
    </Image>
    <Image Include="input\v8_number\eight.png">
      <Filter>Resource Files\v8_number</Filter>
    </Image>
    <Image Include="input\v8_number\five.png">
      <Filter>Resource Files\v8_number</Filter>
    </Image>
    <Image Include="input\v8_number\four.png">
      <Filter>Resource Files\v8_number</Filter>
    </Image>
    <Image Include="input\v8_number\nine.png">
      <Filter>Resource Files\v8_number</Filter>
    </Image>
    <Image Include="input\v8_number\one.png">
      <Filter>Resource Files\v8_number</Filter>
    </Image>
    <Image Include="input\v8_number\seven.png">
      <Filter>Resource Files\v8_number</Filter>
    </Image>
    <Image Include="input\v8_number\six.png">
      <Filter>Resource Files\v8_number</Filter>
    </Image>
    <Image Include="input\v8_number\three.png">
      <Filter>Resource Files\v8_number</Filter>
    </Image>
    <Image Include="input\v8_number\two.png">
      <Filter>Resource Files\v8_number</Filter>
    </Image>
    <Image Include="input\v9_number\eight.png">
      <Filter>Resource Files\v9_number</Filter>
    </Image>
    <Image Include="input\v9_number\five.png">
      <Filter>Resource Files\v9_number</Filter>
    </Image>
    <Image Include="input\v9_number\four.png">
      <Filter>Resource Files\v9_number</Filter>
    </Image>
    <Image Include="input\v9_number\nine.png">
      <Filter>Resource Files\v9_number</Filter>
    </Image>
    <Image Include="input\v9_number\one.png">
      <Filter>Resource Files\v9_number</Filter>
    </Image>
    <Image Include="input\v9_number\seven.png">
      <Filter>Resource Files\v9_number</Filter>
    </Image>
    <Image Include="input\v9_number\six.png">
      <Filter>Resource Files\v9_number</Filter>
    </Image>
    <Image Include="input\v9_number\three.png">
      <Filter>Resource Files\v9_number</Filter>
    </Image>
    <Image Include="input\v9_number\two.png">
      <Filter>Resource Files\v9_number</Filter>
    </Image>
    <Image Include="input\v10_number\eight.png">
      <Filter>Resource Files\v10_number</Filter>
    </Image>
    <Image Include="input\v10_number\five.png">
      <Filter>Resource Files\v10_number</Filter>
    </Image>
    <Image Include="input\v10_number\four.png">
      <Filter>Resource Files\v10_number</Filter>
    </Image>
    <Image Include="input\v10_number\nine.png">
      <Filter>Resource Files\v10_number</Filter>
    </Image>
    <Image Include="input\v10_number\one.png">
      <Filter>Resource Files\v10_number</Filter>
    </Image>
    <Image Include="input\v10_number\seven.png">
      <Filter>Resource Files\v10_number</Filter>
    </Image>
    <Image Include="input\v10_number\six.png">
      <Filter>Resource Files\v10_number</Filter>
    </Image>
    <Image Include="input\v10_number\three.png">
      <Filter>Resource Files\v10_number</Filter>
    </Image>
    <Image Include="input\v10_number\two.png">
      <Filter>Resource Files\v10_number</Filter>
    </Image>
    <Image Include="input\01.png">
      <Filter>Resource Files\v4</Filter>
    </Image>
    <Image Include="input\02.png">
      <Filter>Resource Files\v4</Filter>
    </Image>
    <Image Include="input\03.png">
      <Filter>Resource Files\v4</Filter>
    </Image>
    <Image Include="input\04.png">
      <Filter>Resource Files\v4</Filter>
    </Image>
    <Image Include="input\05.png">
      <Filter>Resource Files\v4</Filter>
    </Image>
    <Image Include="input\06.png">
      <Filter>Resource Files\v4</Filter>
    </Image>
    <Image Include="input\07.png">
      <Filter>Resource Files\v4</Filter>
    </Image>
    <Image Include="input\08.png">
      <Filter>Resource Files\v4</Filter>
    </Image>
    <Image Include="input\09.png">
      <Filter>Resource Files\v4</Filter>
    </Image>
    <Image Include="input\v4\Y.png">
      <Filter>Resource Files\v4</Filter>
    </Image>
    <Image Include="input\v5\Y.png">
      <Filter>Resource Files\v5</Filter>
    </Image>
    <Image Include="input\v5_number\eight.png">
      <Filter>Resource Files\v5</Filter>
    </Image>
    <Image Include="input\v5_number\five.png">
      <Filter>Resource Files\v5</Filter>
    </Image>
    <Image Include="input\v5_number\four.png">
      <Filter>Resource Files\v5</Filter>
    </Image>
    <Image Include="input\v5_number\nine.png">
      <Filter>Resource Files\v5</Filter>
    </Image>
    <Image Include="input\v5_number\one.png">
      <Filter>Resource Files\v5</Filter>
    </Image>
    <Image Include="input\v5_number\seven.png">
      <Filter>Resource Files\v5</Filter>
    </Image>
    <Image Include="input\v5_number\six.png">
      <Filter>Resource Files\v5</Filter>
    </Image>
    <Image Include="input\v5_number\three.png">
      <Filter>Resource Files\v5</Filter>
    </Image>
    <Image Include="input\v5_number\two.png">
      <Filter>Resource Files\v5</Filter>
    </Image>
    <Image Include="input\v4\WB_DOWN.png">
      <Filter>Resource Files\v4</Filter>
    </Image>
    <Image Include="input\v4\WB_LEFT.png">
      <Filter>Resource Files\v4</Filter>
    </Image>
    <Image Include="input\v4\WB_RIGHT.png">
      <Filter>Resource Files\v4</Filter>
    </Image>
    <Image Include="input\v4\WB_UP.png">
      <Filter>Resource Files\v4</Filter>
    </Image>
    <Image Include="input\v5\WB_UP.png">
      <Filter>Resource Files\v5</Filter>
    </Image>
    <Image Include="input\v5\WB_DOWN.png">
      <Filter>Resource Files\v5</Filter>
    </Image>
    <Image Include="input\v5\WB_LEFT.png">
      <Filter>Resource Files\v5</Filter>
    </Image>
    <Image Include="input\v5\WB_RIGHT.png">
      <Filter>Resource Files\v5</Filter>
    </Image>
    <Image Include="input\v6\three.png">
      <Filter>Resource Files\v6</Filter>
    </Image>
    <Image Include="input\v6\two.png">
      <Filter>Resource Files\v6</Filter>
    </Image>
    <Image Include="input\v6\WB_DOWN.png">
      <Filter>Resource Files\v6</Filter>
    </Image>
    <Image Include="input\v6\WB_LEFT.png">
      <Filter>Resource Files\v6</Filter>
    </Image>
    <Image Include="input\v6\WB_RIGHT.png">
      <Filter>Resource Files\v6</Filter>
    </Image>
    <Image Include="input\v6\WB_UP.png">
      <Filter>Resource Files\v6</Filter>
    </Image>
    <Image Include="input\v6\eight.png">
      <Filter>Resource Files\v6</Filter>
    </Image>
    <Image Include="input\v6\five.png">
      <Filter>Resource Files\v6</Filter>
    </Image>
    <Image Include="input\v6\four.png">
      <Filter>Resource Files\v6</Filter>
    </Image>
    <Image Include="input\v6\nine.png">
      <Filter>Resource Files\v6</Filter>
    </Image>
    <Image Include="input\v6\one.png">
      <Filter>Resource Files\v6</Filter>
    </Image>
    <Image Include="input\v6\seven.png">
      <Filter>Resource Files\v6</Filter>
    </Image>
    <Image Include="input\v6\six.png">
      <Filter>Resource Files\v6</Filter>
    </Image>
    <Image Include="input\v4\WB_RU.png">
      <Filter>Resource Files\v4</Filter>
    </Image>
    <Image Include="input\v4\WB_LD.png">
      <Filter>Resource Files\v4</Filter>
    </Image>
    <Image Include="input\v4\WB_LU.png">
      <Filter>Resource Files\v4</Filter>
    </Image>
    <Image Include="input\v4\WB_RD.png">
      <Filter>Resource Files\v4</Filter>
    </Image>
    <Image Include="input\v5\WB_RU.png">
      <Filter>Resource Files\v5</Filter>
    </Image>
    <Image Include="input\v5\WB_LD.png">
      <Filter>Resource Files\v5</Filter>
    </Image>
    <Image Include="input\v5\WB_LU.png">
      <Filter>Resource Files\v5</Filter>
    </Image>
    <Image Include="input\v5\WB_RD.png">
      <Filter>Resource Files\v5</Filter>
    </Image>
    <Image Include="input\v6\WB_RU.png">
      <Filter>Resource Files\v6</Filter>
    </Image>
    <Image Include="input\v6\WB_LD.png">
      <Filter>Resource Files\v6</Filter>
    </Image>
    <Image Include="input\v6\WB_LU.png">
      <Filter>Resource Files\v6</Filter>
    </Image>
    <Image Include="input\v6\WB_RD.png">
      <Filter>Resource Files\v6</Filter>
    </Image>
  </ItemGroup>
</Project>